# THIS IS AN AUTOGENERATED FILE. DO NOT EDIT THIS FILE DIRECTLY.
# yarn lockfile v1


i@^0.3.7:
  version "0.3.7"
  resolved "https://registry.yarnpkg.com/i/-/i-0.3.7.tgz#2a7437a923d59c14b17243dc63a549af24d85799"
  integrity sha512-FYz4wlXgkQwIPqhzC5TdNMLSE5+GS1IIDJZY/1ZiEPCT2S3COUVZeT5OW4BmW4r5LHLQuOosSwsvnroG9GR59Q==
